// !$*UTF8*$!
{
	archiveVersion = 1;
	classes = {
	};
	objectVersion = 46;
	objects = {

/* Begin PBXBuildFile section */
		B0EA956F1C3FBAF4005CCFC0 /* main.m in Sources */ = {isa = PBXBuildFile; fileRef = B0EA956E1C3FBAF4005CCFC0 /* main.m */; };
		B0EA95721C3FBAF4005CCFC0 /* AppDelegate.m in Sources */ = {isa = PBXBuildFile; fileRef = B0EA95711C3FBAF4005CCFC0 /* AppDelegate.m */; };
		B0EA95751C3FBAF4005CCFC0 /* ViewController.m in Sources */ = {isa = PBXBuildFile; fileRef = B0EA95741C3FBAF4005CCFC0 /* ViewController.m */; };
		B0EA95781C3FBAF4005CCFC0 /* Main.storyboard in Resources */ = {isa = PBXBuildFile; fileRef = B0EA95761C3FBAF4005CCFC0 /* Main.storyboard */; };
		B0EA957A1C3FBAF4005CCFC0 /* Assets.xcassets in Resources */ = {isa = PBXBuildFile; fileRef = B0EA95791C3FBAF4005CCFC0 /* Assets.xcassets */; };
		B0EA957D1C3FBAF4005CCFC0 /* LaunchScreen.storyboard in Resources */ = {isa = PBXBuildFile; fileRef = B0EA957B1C3FBAF4005CCFC0 /* LaunchScreen.storyboard */; };
		B0EA95881C3FBAF4005CCFC0 /* LoadingAnimationTests.m in Sources */ = {isa = PBXBuildFile; fileRef = B0EA95871C3FBAF4005CCFC0 /* LoadingAnimationTests.m */; };
		B0EA95931C3FBAF4005CCFC0 /* LoadingAnimationUITests.m in Sources */ = {isa = PBXBuildFile; fileRef = B0EA95921C3FBAF4005CCFC0 /* LoadingAnimationUITests.m */; };
		B0EA95A51C3FBB2A005CCFC0 /* LoadingView.m in Sources */ = {isa = PBXBuildFile; fileRef = B0EA95A41C3FBB2A005CCFC0 /* LoadingView.m */; };
/* End PBXBuildFile section */

/* Begin PBXContainerItemProxy section */
		B0EA95841C3FBAF4005CCFC0 /* PBXContainerItemProxy */ = {
			isa = PBXContainerItemProxy;
			containerPortal = B0EA95621C3FBAF4005CCFC0 /* Project object */;
			proxyType = 1;
			remoteGlobalIDString = B0EA95691C3FBAF4005CCFC0;
			remoteInfo = LoadingAnimation;
		};
		B0EA958F1C3FBAF4005CCFC0 /* PBXContainerItemProxy */ = {
			isa = PBXContainerItemProxy;
			containerPortal = B0EA95621C3FBAF4005CCFC0 /* Project object */;
			proxyType = 1;
			remoteGlobalIDString = B0EA95691C3FBAF4005CCFC0;
			remoteInfo = LoadingAnimation;
		};
/* End PBXContainerItemProxy section */

/* Begin PBXFileReference section */
		B0EA956A1C3FBAF4005CCFC0 /* LoadingAnimation.app */ = {isa = PBXFileReference; explicitFileType = wrapper.application; includeInIndex = 0; path = LoadingAnimation.app; sourceTree = BUILT_PRODUCTS_DIR; };
		B0EA956E1C3FBAF4005CCFC0 /* main.m */ = {isa = PBXFileReference; lastKnownFileType = sourcecode.c.objc; path = main.m; sourceTree = "<group>"; };
		B0EA95701C3FBAF4005CCFC0 /* AppDelegate.h */ = {isa = PBXFileReference; lastKnownFileType = sourcecode.c.h; path = AppDelegate.h; sourceTree = "<group>"; };
		B0EA95711C3FBAF4005CCFC0 /* AppDelegate.m */ = {isa = PBXFileReference; lastKnownFileType = sourcecode.c.objc; path = AppDelegate.m; sourceTree = "<group>"; };
		B0EA95731C3FBAF4005CCFC0 /* ViewController.h */ = {isa = PBXFileReference; lastKnownFileType = sourcecode.c.h; path = ViewController.h; sourceTree = "<group>"; };
		B0EA95741C3FBAF4005CCFC0 /* ViewController.m */ = {isa = PBXFileReference; lastKnownFileType = sourcecode.c.objc; path = ViewController.m; sourceTree = "<group>"; };
		B0EA95771C3FBAF4005CCFC0 /* Base */ = {isa = PBXFileReference; lastKnownFileType = file.storyboard; name = Base; path = Base.lproj/Main.storyboard; sourceTree = "<group>"; };
		B0EA95791C3FBAF4005CCFC0 /* Assets.xcassets */ = {isa = PBXFileReference; lastKnownFileType = folder.assetcatalog; path = Assets.xcassets; sourceTree = "<group>"; };
		B0EA957C1C3FBAF4005CCFC0 /* Base */ = {isa = PBXFileReference; lastKnownFileType = file.storyboard; name = Base; path = Base.lproj/LaunchScreen.storyboard; sourceTree = "<group>"; };
		B0EA957E1C3FBAF4005CCFC0 /* Info.plist */ = {isa = PBXFileReference; lastKnownFileType = text.plist.xml; path = Info.plist; sourceTree = "<group>"; };
		B0EA95831C3FBAF4005CCFC0 /* LoadingAnimationTests.xctest */ = {isa = PBXFileReference; explicitFileType = wrapper.cfbundle; includeInIndex = 0; path = LoadingAnimationTests.xctest; sourceTree = BUILT_PRODUCTS_DIR; };
		B0EA95871C3FBAF4005CCFC0 /* LoadingAnimationTests.m */ = {isa = PBXFileReference; lastKnownFileType = sourcecode.c.objc; path = LoadingAnimationTests.m; sourceTree = "<group>"; };
		B0EA95891C3FBAF4005CCFC0 /* Info.plist */ = {isa = PBXFileReference; lastKnownFileType = text.plist.xml; path = Info.plist; sourceTree = "<group>"; };
		B0EA958E1C3FBAF4005CCFC0 /* LoadingAnimationUITests.xctest */ = {isa = PBXFileReference; explicitFileType = wrapper.cfbundle; includeInIndex = 0; path = LoadingAnimationUITests.xctest; sourceTree = BUILT_PRODUCTS_DIR; };
		B0EA95921C3FBAF4005CCFC0 /* LoadingAnimationUITests.m */ = {isa = PBXFileReference; lastKnownFileType = sourcecode.c.objc; path = LoadingAnimationUITests.m; sourceTree = "<group>"; };
		B0EA95941C3FBAF4005CCFC0 /* Info.plist */ = {isa = PBXFileReference; lastKnownFileType = text.plist.xml; path = Info.plist; sourceTree = "<group>"; };
		B0EA95A31C3FBB2A005CCFC0 /* LoadingView.h */ = {isa = PBXFileReference; fileEncoding = 4; lastKnownFileType = sourcecode.c.h; path = LoadingView.h; sourceTree = "<group>"; };
		B0EA95A41C3FBB2A005CCFC0 /* LoadingView.m */ = {isa = PBXFileReference; fileEncoding = 4; lastKnownFileType = sourcecode.c.objc; path = LoadingView.m; sourceTree = "<group>"; };
		B0EA95A61C3FBBDD005CCFC0 /* Singleton.h */ = {isa = PBXFileReference; fileEncoding = 4; lastKnownFileType = sourcecode.c.h; path = Singleton.h; sourceTree = "<group>"; };
/* End PBXFileReference section */

/* Begin PBXFrameworksBuildPhase section */
		B0EA95671C3FBAF4005CCFC0 /* Frameworks */ = {
			isa = PBXFrameworksBuildPhase;
			buildActionMask = 2147483647;
			files = (
			);
			runOnlyForDeploymentPostprocessing = 0;
		};
		B0EA95801C3FBAF4005CCFC0 /* Frameworks */ = {
			isa = PBXFrameworksBuildPhase;
			buildActionMask = 2147483647;
			files = (
			);
			runOnlyForDeploymentPostprocessing = 0;
		};
		B0EA958B1C3FBAF4005CCFC0 /* Frameworks */ = {
			isa = PBXFrameworksBuildPhase;
			buildActionMask = 2147483647;
			files = (
			);
			runOnlyForDeploymentPostprocessing = 0;
		};
/* End PBXFrameworksBuildPhase section */

/* Begin PBXGroup section */
		B0EA95611C3FBAF4005CCFC0 = {
			isa = PBXGroup;
			children = (
				B0EA956C1C3FBAF4005CCFC0 /* LoadingAnimation */,
				B0EA95861C3FBAF4005CCFC0 /* LoadingAnimationTests */,
				B0EA95911C3FBAF4005CCFC0 /* LoadingAnimationUITests */,
				B0EA956B1C3FBAF4005CCFC0 /* Products */,
			);
			sourceTree = "<group>";
		};
		B0EA956B1C3FBAF4005CCFC0 /* Products */ = {
			isa = PBXGroup;
			children = (
				B0EA956A1C3FBAF4005CCFC0 /* LoadingAnimation.app */,
				B0EA95831C3FBAF4005CCFC0 /* LoadingAnimationTests.xctest */,
				B0EA958E1C3FBAF4005CCFC0 /* LoadingAnimationUITests.xctest */,
			);
			name = Products;
			sourceTree = "<group>";
		};
		B0EA956C1C3FBAF4005CCFC0 /* LoadingAnimation */ = {
			isa = PBXGroup;
			children = (
				B0EA95701C3FBAF4005CCFC0 /* AppDelegate.h */,
				B0EA95711C3FBAF4005CCFC0 /* AppDelegate.m */,
				B0EA95731C3FBAF4005CCFC0 /* ViewController.h */,
				B0EA95741C3FBAF4005CCFC0 /* ViewController.m */,
				B0EA95A31C3FBB2A005CCFC0 /* LoadingView.h */,
				B0EA95A41C3FBB2A005CCFC0 /* LoadingView.m */,
				B0EA95A61C3FBBDD005CCFC0 /* Singleton.h */,
				B0EA95761C3FBAF4005CCFC0 /* Main.storyboard */,
				B0EA95791C3FBAF4005CCFC0 /* Assets.xcassets */,
				B0EA957B1C3FBAF4005CCFC0 /* LaunchScreen.storyboard */,
				B0EA957E1C3FBAF4005CCFC0 /* Info.plist */,
				B0EA956D1C3FBAF4005CCFC0 /* Supporting Files */,
			);
			path = LoadingAnimation;
			sourceTree = "<group>";
		};
		B0EA956D1C3FBAF4005CCFC0 /* Supporting Files */ = {
			isa = PBXGroup;
			children = (
				B0EA956E1C3FBAF4005CCFC0 /* main.m */,
			);
			name = "Supporting Files";
			sourceTree = "<group>";
		};
		B0EA95861C3FBAF4005CCFC0 /* LoadingAnimationTests */ = {
			isa = PBXGroup;
			children = (
				B0EA95871C3FBAF4005CCFC0 /* LoadingAnimationTests.m */,
				B0EA95891C3FBAF4005CCFC0 /* Info.plist */,
			);
			path = LoadingAnimationTests;
			sourceTree = "<group>";
		};
		B0EA95911C3FBAF4005CCFC0 /* LoadingAnimationUITests */ = {
			isa = PBXGroup;
			children = (
				B0EA95921C3FBAF4005CCFC0 /* LoadingAnimationUITests.m */,
				B0EA95941C3FBAF4005CCFC0 /* Info.plist */,
			);
			path = LoadingAnimationUITests;
			sourceTree = "<group>";
		};
/* End PBXGroup section */

/* Begin PBXNativeTarget section */
		B0EA95691C3FBAF4005CCFC0 /* LoadingAnimation */ = {
			isa = PBXNativeTarget;
			buildConfigurationList = B0EA95971C3FBAF4005CCFC0 /* Build configuration list for PBXNativeTarget "LoadingAnimation" */;
			buildPhases = (
				B0EA95661C3FBAF4005CCFC0 /* Sources */,
				B0EA95671C3FBAF4005CCFC0 /* Frameworks */,
				B0EA95681C3FBAF4005CCFC0 /* Resources */,
			);
			buildRules = (
			);
			dependencies = (
			);
			name = LoadingAnimation;
			productName = LoadingAnimation;
			productReference = B0EA956A1C3FBAF4005CCFC0 /* LoadingAnimation.app */;
			productType = "com.apple.product-type.application";
		};
		B0EA95821C3FBAF4005CCFC0 /* LoadingAnimationTests */ = {
			isa = PBXNativeTarget;
			buildConfigurationList = B0EA959A1C3FBAF4005CCFC0 /* Build configuration list for PBXNativeTarget "LoadingAnimationTests" */;
			buildPhases = (
				B0EA957F1C3FBAF4005CCFC0 /* Sources */,
				B0EA95801C3FBAF4005CCFC0 /* Frameworks */,
				B0EA95811C3FBAF4005CCFC0 /* Resources */,
			);
			buildRules = (
			);
			dependencies = (
				B0EA95851C3FBAF4005CCFC0 /* PBXTargetDependency */,
			);
			name = LoadingAnimationTests;
			productName = LoadingAnimationTests;
			productReference = B0EA95831C3FBAF4005CCFC0 /* LoadingAnimationTests.xctest */;
			productType = "com.apple.product-type.bundle.unit-test";
		};
		B0EA958D1C3FBAF4005CCFC0 /* LoadingAnimationUITests */ = {
			isa = PBXNativeTarget;
			buildConfigurationList = B0EA959D1C3FBAF4005CCFC0 /* Build configuration list for PBXNativeTarget "LoadingAnimationUITests" */;
			buildPhases = (
				B0EA958A1C3FBAF4005CCFC0 /* Sources */,
				B0EA958B1C3FBAF4005CCFC0 /* Frameworks */,
				B0EA958C1C3FBAF4005CCFC0 /* Resources */,
			);
			buildRules = (
			);
			dependencies = (
				B0EA95901C3FBAF4005CCFC0 /* PBXTargetDependency */,
			);
			name = LoadingAnimationUITests;
			productName = LoadingAnimationUITests;
			productReference = B0EA958E1C3FBAF4005CCFC0 /* LoadingAnimationUITests.xctest */;
			productType = "com.apple.product-type.bundle.ui-testing";
		};
/* End PBXNativeTarget section */

/* Begin PBXProject section */
		B0EA95621C3FBAF4005CCFC0 /* Project object */ = {
			isa = PBXProject;
			attributes = {
				LastUpgradeCheck = 0700;
				ORGANIZATIONNAME = IsLand;
				TargetAttributes = {
					B0EA95691C3FBAF4005CCFC0 = {
						CreatedOnToolsVersion = 7.0;
					};
					B0EA95821C3FBAF4005CCFC0 = {
						CreatedOnToolsVersion = 7.0;
						TestTargetID = B0EA95691C3FBAF4005CCFC0;
					};
					B0EA958D1C3FBAF4005CCFC0 = {
						CreatedOnToolsVersion = 7.0;
						TestTargetID = B0EA95691C3FBAF4005CCFC0;
					};
				};
			};
			buildConfigurationList = B0EA95651C3FBAF4005CCFC0 /* Build configuration list for PBXProject "LoadingAnimation" */;
			compatibilityVersion = "Xcode 3.2";
			developmentRegion = English;
			hasScannedForEncodings = 0;
			knownRegions = (
				en,
				Base,
			);
			mainGroup = B0EA95611C3FBAF4005CCFC0;
			productRefGroup = B0EA956B1C3FBAF4005CCFC0 /* Products */;
			projectDirPath = "";
			projectRoot = "";
			targets = (
				B0EA95691C3FBAF4005CCFC0 /* LoadingAnimation */,
				B0EA95821C3FBAF4005CCFC0 /* LoadingAnimationTests */,
				B0EA958D1C3FBAF4005CCFC0 /* LoadingAnimationUITests */,
			);
		};
/* End PBXProject section */

/* Begin PBXResourcesBuildPhase section */
		B0EA95681C3FBAF4005CCFC0 /* Resources */ = {
			isa = PBXResourcesBuildPhase;
			buildActionMask = 2147483647;
			files = (
				B0EA957D1C3FBAF4005CCFC0 /* LaunchScreen.storyboard in Resources */,
				B0EA957A1C3FBAF4005CCFC0 /* Assets.xcassets in Resources */,
				B0EA95781C3FBAF4005CCFC0 /* Main.storyboard in Resources */,
			);
			runOnlyForDeploymentPostprocessing = 0;
		};
		B0EA95811C3FBAF4005CCFC0 /* Resources */ = {
			isa = PBXResourcesBuildPhase;
			buildActionMask = 2147483647;
			files = (
			);
			runOnlyForDeploymentPostprocessing = 0;
		};
		B0EA958C1C3FBAF4005CCFC0 /* Resources */ = {
			isa = PBXResourcesBuildPhase;
			buildActionMask = 2147483647;
			files = (
			);
			runOnlyForDeploymentPostprocessing = 0;
		};
/* End PBXResourcesBuildPhase section */

/* Begin PBXSourcesBuildPhase section */
		B0EA95661C3FBAF4005CCFC0 /* Sources */ = {
			isa = PBXSourcesBuildPhase;
			buildActionMask = 2147483647;
			files = (
				B0EA95751C3FBAF4005CCFC0 /* ViewController.m in Sources */,
				B0EA95A51C3FBB2A005CCFC0 /* LoadingView.m in Sources */,
				B0EA95721C3FBAF4005CCFC0 /* AppDelegate.m in Sources */,
				B0EA956F1C3FBAF4005CCFC0 /* main.m in Sources */,
			);
			runOnlyForDeploymentPostprocessing = 0;
		};
		B0EA957F1C3FBAF4005CCFC0 /* Sources */ = {
			isa = PBXSourcesBuildPhase;
			buildActionMask = 2147483647;
			files = (
				B0EA95881C3FBAF4005CCFC0 /* LoadingAnimationTests.m in Sources */,
			);
			runOnlyForDeploymentPostprocessing = 0;
		};
		B0EA958A1C3FBAF4005CCFC0 /* Sources */ = {
			isa = PBXSourcesBuildPhase;
			buildActionMask = 2147483647;
			files = (
				B0EA95931C3FBAF4005CCFC0 /* LoadingAnimationUITests.m in Sources */,
			);
			runOnlyForDeploymentPostprocessing = 0;
		};
/* End PBXSourcesBuildPhase section */

/* Begin PBXTargetDependency section */
		B0EA95851C3FBAF4005CCFC0 /* PBXTargetDependency */ = {
			isa = PBXTargetDependency;
			target = B0EA95691C3FBAF4005CCFC0 /* LoadingAnimation */;
			targetProxy = B0EA95841C3FBAF4005CCFC0 /* PBXContainerItemProxy */;
		};
		B0EA95901C3FBAF4005CCFC0 /* PBXTargetDependency */ = {
			isa = PBXTargetDependency;
			target = B0EA95691C3FBAF4005CCFC0 /* LoadingAnimation */;
			targetProxy = B0EA958F1C3FBAF4005CCFC0 /* PBXContainerItemProxy */;
		};
/* End PBXTargetDependency section */

/* Begin PBXVariantGroup section */
		B0EA95761C3FBAF4005CCFC0 /* Main.storyboard */ = {
			isa = PBXVariantGroup;
			children = (
				B0EA95771C3FBAF4005CCFC0 /* Base */,
			);
			name = Main.storyboard;
			sourceTree = "<group>";
		};
		B0EA957B1C3FBAF4005CCFC0 /* LaunchScreen.storyboard */ = {
			isa = PBXVariantGroup;
			children = (
				B0EA957C1C3FBAF4005CCFC0 /* Base */,
			);
			name = LaunchScreen.storyboard;
			sourceTree = "<group>";
		};
/* End PBXVariantGroup section */

/* Begin XCBuildConfiguration section */
		B0EA95951C3FBAF4005CCFC0 /* Debug */ = {
			isa = XCBuildConfiguration;
			buildSettings = {
				ALWAYS_SEARCH_USER_PATHS = NO;
				CLANG_CXX_LANGUAGE_STANDARD = "gnu++0x";
				CLANG_CXX_LIBRARY = "libc++";
				CLANG_ENABLE_MODULES = YES;
				CLANG_ENABLE_OBJC_ARC = YES;
				CLANG_WARN_BOOL_CONVERSION = YES;
				CLANG_WARN_CONSTANT_CONVERSION = YES;
				CLANG_WARN_DIRECT_OBJC_ISA_USAGE = YES_ERROR;
				CLANG_WARN_EMPTY_BODY = YES;
				CLANG_WARN_ENUM_CONVERSION = YES;
				CLANG_WARN_INT_CONVERSION = YES;
				CLANG_WARN_OBJC_ROOT_CLASS = YES_ERROR;
				CLANG_WARN_UNREACHABLE_CODE = YES;
				CLANG_WARN__DUPLICATE_METHOD_MATCH = YES;
				"CODE_SIGN_IDENTITY[sdk=iphoneos*]" = "iPhone Developer";
				COPY_PHASE_STRIP = NO;
				DEBUG_INFORMATION_FORMAT = dwarf;
				ENABLE_STRICT_OBJC_MSGSEND = YES;
				ENABLE_TESTABILITY = YES;
				GCC_C_LANGUAGE_STANDARD = gnu99;
				GCC_DYNAMIC_NO_PIC = NO;
				GCC_NO_COMMON_BLOCKS = YES;
				GCC_OPTIMIZATION_LEVEL = 0;
				GCC_PREPROCESSOR_DEFINITIONS = (
					"DEBUG=1",
					"$(inherited)",
				);
				GCC_WARN_64_TO_32_BIT_CONVERSION = YES;
				GCC_WARN_ABOUT_RETURN_TYPE = YES_ERROR;
				GCC_WARN_UNDECLARED_SELECTOR = YES;
				GCC_WARN_UNINITIALIZED_AUTOS = YES_AGGRESSIVE;
				GCC_WARN_UNUSED_FUNCTION = YES;
				GCC_WARN_UNUSED_VARIABLE = YES;
				IPHONEOS_DEPLOYMENT_TARGET = 9.0;
				MTL_ENABLE_DEBUG_INFO = YES;
				ONLY_ACTIVE_ARCH = YES;
				SDKROOT = iphoneos;
				TARGETED_DEVICE_FAMILY = "1,2";
			};
			name = Debug;
		};
		B0EA95961C3FBAF4005CCFC0 /* Release */ = {
			isa = XCBuildConfiguration;
			buildSettings = {
				ALWAYS_SEARCH_USER_PATHS = NO;
				CLANG_CXX_LANGUAGE_STANDARD = "gnu++0x";
				CLANG_CXX_LIBRARY = "libc++";
				CLANG_ENABLE_MODULES = YES;
				CLANG_ENABLE_OBJC_ARC = YES;
				CLANG_WARN_BOOL_CONVERSION = YES;
				CLANG_WARN_CONSTANT_CONVERSION = YES;
				CLANG_WARN_DIRECT_OBJC_ISA_USAGE = YES_ERROR;
				CLANG_WARN_EMPTY_BODY = YES;
				CLANG_WARN_ENUM_CONVERSION = YES;
				CLANG_WARN_INT_CONVERSION = YES;
				CLANG_WARN_OBJC_ROOT_CLASS = YES_ERROR;
				CLANG_WARN_UNREACHABLE_CODE = YES;
				CLANG_WARN__DUPLICATE_METHOD_MATCH = YES;
				"CODE_SIGN_IDENTITY[sdk=iphoneos*]" = "iPhone Developer";
				COPY_PHASE_STRIP = NO;
				DEBUG_INFORMATION_FORMAT = "dwarf-with-dsym";
				ENABLE_NS_ASSERTIONS = NO;
				ENABLE_STRICT_OBJC_MSGSEND = YES;
				GCC_C_LANGUAGE_STANDARD = gnu99;
				GCC_NO_COMMON_BLOCKS = YES;
				GCC_WARN_64_TO_32_BIT_CONVERSION = YES;
				GCC_WARN_ABOUT_RETURN_TYPE = YES_ERROR;
				GCC_WARN_UNDECLARED_SELECTOR = YES;
				GCC_WARN_UNINITIALIZED_AUTOS = YES_AGGRESSIVE;
				GCC_WARN_UNUSED_FUNCTION = YES;
				GCC_WARN_UNUSED_VARIABLE = YES;
				IPHONEOS_DEPLOYMENT_TARGET = 9.0;
				MTL_ENABLE_DEBUG_INFO = NO;
				SDKROOT = iphoneos;
				TARGETED_DEVICE_FAMILY = "1,2";
				VALIDATE_PRODUCT = YES;
			};
			name = Release;
		};
		B0EA95981C3FBAF4005CCFC0 /* Debug */ = {
			isa = XCBuildConfiguration;
			buildSettings = {
				ASSETCATALOG_COMPILER_APPICON_NAME = AppIcon;
				INFOPLIST_FILE = LoadingAnimation/Info.plist;
				LD_RUNPATH_SEARCH_PATHS = "$(inherited) @executable_path/Frameworks";
				PRODUCT_BUNDLE_IDENTIFIER = IsLand.LoadingAnimation;
				PRODUCT_NAME = "$(TARGET_NAME)";
			};
			name = Debug;
		};
		B0EA95991C3FBAF4005CCFC0 /* Release */ = {
			isa = XCBuildConfiguration;
			buildSettings = {
				ASSETCATALOG_COMPILER_APPICON_NAME = AppIcon;
				INFOPLIST_FILE = LoadingAnimation/Info.plist;
				LD_RUNPATH_SEARCH_PATHS = "$(inherited) @executable_path/Frameworks";
				PRODUCT_BUNDLE_IDENTIFIER = IsLand.LoadingAnimation;
				PRODUCT_NAME = "$(TARGET_NAME)";
			};
			name = Release;
		};
		B0EA959B1C3FBAF4005CCFC0 /* Debug */ = {
			isa = XCBuildConfiguration;
			buildSettings = {
				BUNDLE_LOADER = "$(TEST_HOST)";
				INFOPLIST_FILE = LoadingAnimationTests/Info.plist;
				LD_RUNPATH_SEARCH_PATHS = "$(inherited) @executable_path/Frameworks @loader_path/Frameworks";
				PRODUCT_BUNDLE_IDENTIFIER = IsLand.LoadingAnimationTests;
				PRODUCT_NAME = "$(TARGET_NAME)";
				TEST_HOST = "$(BUILT_PRODUCTS_DIR)/LoadingAnimation.app/LoadingAnimation";
			};
			name = Debug;
		};
		B0EA959C1C3FBAF4005CCFC0 /* Release */ = {
			isa = XCBuildConfiguration;
			buildSettings = {
				BUNDLE_LOADER = "$(TEST_HOST)";
				INFOPLIST_FILE = LoadingAnimationTests/Info.plist;
				LD_RUNPATH_SEARCH_PATHS = "$(inherited) @executable_path/Frameworks @loader_path/Frameworks";
				PRODUCT_BUNDLE_IDENTIFIER = IsLand.LoadingAnimationTests;
				PRODUCT_NAME = "$(TARGET_NAME)";
				TEST_HOST = "$(BUILT_PRODUCTS_DIR)/LoadingAnimation.app/LoadingAnimation";
			};
			name = Release;
		};
		B0EA959E1C3FBAF4005CCFC0 /* Debug */ = {
			isa = XCBuildConfiguration;
			buildSettings = {
				INFOPLIST_FILE = LoadingAnimationUITests/Info.plist;
				LD_RUNPATH_SEARCH_PATHS = "$(inherited) @executable_path/Frameworks @loader_path/Frameworks";
				PRODUCT_BUNDLE_IDENTIFIER = IsLand.LoadingAnimationUITests;
				PRODUCT_NAME = "$(TARGET_NAME)";
				TEST_TARGET_NAME = LoadingAnimation;
				USES_XCTRUNNER = YES;
			};
			name = Debug;
		};
		B0EA959F1C3FBAF4005CCFC0 /* Release */ = {
			isa = XCBuildConfiguration;
			buildSettings = {
				INFOPLIST_FILE = LoadingAnimationUITests/Info.plist;
				LD_RUNPATH_SEARCH_PATHS = "$(inherited) @executable_path/Frameworks @loader_path/Frameworks";
				PRODUCT_BUNDLE_IDENTIFIER = IsLand.LoadingAnimationUITests;
				PRODUCT_NAME = "$(TARGET_NAME)";
				TEST_TARGET_NAME = LoadingAnimation;
				USES_XCTRUNNER = YES;
			};
			name = Release;
		};
/* End XCBuildConfiguration section */

/* Begin XCConfigurationList section */
		B0EA95651C3FBAF4005CCFC0 /* Build configuration list for PBXProject "LoadingAnimation" */ = {
			isa = XCConfigurationList;
			buildConfigurations = (
				B0EA95951C3FBAF4005CCFC0 /* Debug */,
				B0EA95961C3FBAF4005CCFC0 /* Release */,
			);
			defaultConfigurationIsVisible = 0;
			defaultConfigurationName = Release;
		};
		B0EA95971C3FBAF4005CCFC0 /* Build configuration list for PBXNativeTarget "LoadingAnimation" */ = {
			isa = XCConfigurationList;
			buildConfigurations = (
				B0EA95981C3FBAF4005CCFC0 /* Debug */,
				B0EA95991C3FBAF4005CCFC0 /* Release */,
			);
			defaultConfigurationIsVisible = 0;
			defaultConfigurationName = Release;
		};
		B0EA959A1C3FBAF4005CCFC0 /* Build configuration list for PBXNativeTarget "LoadingAnimationTests" */ = {
			isa = XCConfigurationList;
			buildConfigurations = (
				B0EA959B1C3FBAF4005CCFC0 /* Debug */,
				B0EA959C1C3FBAF4005CCFC0 /* Release */,
			);
			defaultConfigurationIsVisible = 0;
			defaultConfigurationName = Release;
		};
		B0EA959D1C3FBAF4005CCFC0 /* Build configuration list for PBXNativeTarget "LoadingAnimationUITests" */ = {
			isa = XCConfigurationList;
			buildConfigurations = (
				B0EA959E1C3FBAF4005CCFC0 /* Debug */,
				B0EA959F1C3FBAF4005CCFC0 /* Release */,
			);
			defaultConfigurationIsVisible = 0;
			defaultConfigurationName = Release;
		};
/* End XCConfigurationList section */
	};
	rootObject = B0EA95621C3FBAF4005CCFC0 /* Project object */;
}
